// !$*UTF8*$!
{
	archiveVersion = 1;
	classes = {
	};
	objectVersion = 46;
	objects = {

/* Begin PBXBuildFile section */
		BDC03BB51AE1714D003282D0 /* main.m in Sources */ = {isa = PBXBuildFile; fileRef = BDC03BB41AE1714D003282D0 /* main.m */; };
		BDC03BB81AE1714D003282D0 /* AppDelegate.m in Sources */ = {isa = PBXBuildFile; fileRef = BDC03BB71AE1714D003282D0 /* AppDelegate.m */; };
		BDC03BBB1AE1714D003282D0 /* ViewController.m in Sources */ = {isa = PBXBuildFile; fileRef = BDC03BBA1AE1714D003282D0 /* ViewController.m */; };
		BDC03BBE1AE1714D003282D0 /* Main.storyboard in Resources */ = {isa = PBXBuildFile; fileRef = BDC03BBC1AE1714D003282D0 /* Main.storyboard */; };
		BDC03BC01AE1714D003282D0 /* Images.xcassets in Resources */ = {isa = PBXBuildFile; fileRef = BDC03BBF1AE1714D003282D0 /* Images.xcassets */; };
		BDC03BC31AE1714D003282D0 /* LaunchScreen.xib in Resources */ = {isa = PBXBuildFile; fileRef = BDC03BC11AE1714D003282D0 /* LaunchScreen.xib */; };
		BDC03BCF1AE1714D003282D0 /* ColorModelTests.m in Sources */ = {isa = PBXBuildFile; fileRef = BDC03BCE1AE1714D003282D0 /* ColorModelTests.m */; };
/* End PBXBuildFile section */

/* Begin PBXContainerItemProxy section */
		BDC03BC91AE1714D003282D0 /* PBXContainerItemProxy */ = {
			isa = PBXContainerItemProxy;
			containerPortal = BDC03BA71AE1714C003282D0 /* Project object */;
			proxyType = 1;
			remoteGlobalIDString = BDC03BAE1AE1714D003282D0;
			remoteInfo = ColorModel;
		};
/* End PBXContainerItemProxy section */

/* Begin PBXFileReference section */
		BDC03BAF1AE1714D003282D0 /* ColorModel.app */ = {isa = PBXFileReference; explicitFileType = wrapper.application; includeInIndex = 0; path = ColorModel.app; sourceTree = BUILT_PRODUCTS_DIR; };
		BDC03BB31AE1714D003282D0 /* Info.plist */ = {isa = PBXFileReference; lastKnownFileType = text.plist.xml; path = Info.plist; sourceTree = "<group>"; };
		BDC03BB41AE1714D003282D0 /* main.m */ = {isa = PBXFileReference; lastKnownFileType = sourcecode.c.objc; path = main.m; sourceTree = "<group>"; };
		BDC03BB61AE1714D003282D0 /* AppDelegate.h */ = {isa = PBXFileReference; lastKnownFileType = sourcecode.c.h; path = AppDelegate.h; sourceTree = "<group>"; };
		BDC03BB71AE1714D003282D0 /* AppDelegate.m */ = {isa = PBXFileReference; lastKnownFileType = sourcecode.c.objc; path = AppDelegate.m; sourceTree = "<group>"; };
		BDC03BB91AE1714D003282D0 /* ViewController.h */ = {isa = PBXFileReference; lastKnownFileType = sourcecode.c.h; path = ViewController.h; sourceTree = "<group>"; };
		BDC03BBA1AE1714D003282D0 /* ViewController.m */ = {isa = PBXFileReference; lastKnownFileType = sourcecode.c.objc; path = ViewController.m; sourceTree = "<group>"; };
		BDC03BBD1AE1714D003282D0 /* Base */ = {isa = PBXFileReference; lastKnownFileType = file.storyboard; name = Base; path = Base.lproj/Main.storyboard; sourceTree = "<group>"; };
		BDC03BBF1AE1714D003282D0 /* Images.xcassets */ = {isa = PBXFileReference; lastKnownFileType = folder.assetcatalog; path = Images.xcassets; sourceTree = "<group>"; };
		BDC03BC21AE1714D003282D0 /* Base */ = {isa = PBXFileReference; lastKnownFileType = file.xib; name = Base; path = Base.lproj/LaunchScreen.xib; sourceTree = "<group>"; };
		BDC03BC81AE1714D003282D0 /* ColorModelTests.xctest */ = {isa = PBXFileReference; explicitFileType = wrapper.cfbundle; includeInIndex = 0; path = ColorModelTests.xctest; sourceTree = BUILT_PRODUCTS_DIR; };
		BDC03BCD1AE1714D003282D0 /* Info.plist */ = {isa = PBXFileReference; lastKnownFileType = text.plist.xml; path = Info.plist; sourceTree = "<group>"; };
		BDC03BCE1AE1714D003282D0 /* ColorModelTests.m */ = {isa = PBXFileReference; lastKnownFileType = sourcecode.c.objc; path = ColorModelTests.m; sourceTree = "<group>"; };
/* End PBXFileReference section */

/* Begin PBXFrameworksBuildPhase section */
		BDC03BAC1AE1714D003282D0 /* Frameworks */ = {
			isa = PBXFrameworksBuildPhase;
			buildActionMask = 2147483647;
			files = (
			);
			runOnlyForDeploymentPostprocessing = 0;
		};
		BDC03BC51AE1714D003282D0 /* Frameworks */ = {
			isa = PBXFrameworksBuildPhase;
			buildActionMask = 2147483647;
			files = (
			);
			runOnlyForDeploymentPostprocessing = 0;
		};
/* End PBXFrameworksBuildPhase section */

/* Begin PBXGroup section */
		BDC03BA61AE1714C003282D0 = {
			isa = PBXGroup;
			children = (
				BDC03BB11AE1714D003282D0 /* ColorModel */,
				BDC03BCB1AE1714D003282D0 /* ColorModelTests */,
				BDC03BB01AE1714D003282D0 /* Products */,
			);
			sourceTree = "<group>";
		};
		BDC03BB01AE1714D003282D0 /* Products */ = {
			isa = PBXGroup;
			children = (
				BDC03BAF1AE1714D003282D0 /* ColorModel.app */,
				BDC03BC81AE1714D003282D0 /* ColorModelTests.xctest */,
			);
			name = Products;
			sourceTree = "<group>";
		};
		BDC03BB11AE1714D003282D0 /* ColorModel */ = {
			isa = PBXGroup;
			children = (
				BDC03BB61AE1714D003282D0 /* AppDelegate.h */,
				BDC03BB71AE1714D003282D0 /* AppDelegate.m */,
				BDC03BB91AE1714D003282D0 /* ViewController.h */,
				BDC03BBA1AE1714D003282D0 /* ViewController.m */,
				BDC03BBC1AE1714D003282D0 /* Main.storyboard */,
				BDC03BBF1AE1714D003282D0 /* Images.xcassets */,
				BDC03BC11AE1714D003282D0 /* LaunchScreen.xib */,
				BDC03BB21AE1714D003282D0 /* Supporting Files */,
			);
			path = ColorModel;
			sourceTree = "<group>";
		};
		BDC03BB21AE1714D003282D0 /* Supporting Files */ = {
			isa = PBXGroup;
			children = (
				BDC03BB31AE1714D003282D0 /* Info.plist */,
				BDC03BB41AE1714D003282D0 /* main.m */,
			);
			name = "Supporting Files";
			sourceTree = "<group>";
		};
		BDC03BCB1AE1714D003282D0 /* ColorModelTests */ = {
			isa = PBXGroup;
			children = (
				BDC03BCE1AE1714D003282D0 /* ColorModelTests.m */,
				BDC03BCC1AE1714D003282D0 /* Supporting Files */,
			);
			path = ColorModelTests;
			sourceTree = "<group>";
		};
		BDC03BCC1AE1714D003282D0 /* Supporting Files */ = {
			isa = PBXGroup;
			children = (
				BDC03BCD1AE1714D003282D0 /* Info.plist */,
			);
			name = "Supporting Files";
			sourceTree = "<group>";
		};
/* End PBXGroup section */

/* Begin PBXNativeTarget section */
		BDC03BAE1AE1714D003282D0 /* ColorModel */ = {
			isa = PBXNativeTarget;
			buildConfigurationList = BDC03BD21AE1714D003282D0 /* Build configuration list for PBXNativeTarget "ColorModel" */;
			buildPhases = (
				BDC03BAB1AE1714D003282D0 /* Sources */,
				BDC03BAC1AE1714D003282D0 /* Frameworks */,
				BDC03BAD1AE1714D003282D0 /* Resources */,
			);
			buildRules = (
			);
			dependencies = (
			);
			name = ColorModel;
			productName = ColorModel;
			productReference = BDC03BAF1AE1714D003282D0 /* ColorModel.app */;
			productType = "com.apple.product-type.application";
		};
		BDC03BC71AE1714D003282D0 /* ColorModelTests */ = {
			isa = PBXNativeTarget;
			buildConfigurationList = BDC03BD51AE1714D003282D0 /* Build configuration list for PBXNativeTarget "ColorModelTests" */;
			buildPhases = (
				BDC03BC41AE1714D003282D0 /* Sources */,
				BDC03BC51AE1714D003282D0 /* Frameworks */,
				BDC03BC61AE1714D003282D0 /* Resources */,
			);
			buildRules = (
			);
			dependencies = (
				BDC03BCA1AE1714D003282D0 /* PBXTargetDependency */,
			);
			name = ColorModelTests;
			productName = ColorModelTests;
			productReference = BDC03BC81AE1714D003282D0 /* ColorModelTests.xctest */;
			productType = "com.apple.product-type.bundle.unit-test";
		};
/* End PBXNativeTarget section */

/* Begin PBXProject section */
		BDC03BA71AE1714C003282D0 /* Project object */ = {
			isa = PBXProject;
			attributes = {
				LastUpgradeCheck = 0630;
				ORGANIZATIONNAME = "Brandon Koenning";
				TargetAttributes = {
					BDC03BAE1AE1714D003282D0 = {
						CreatedOnToolsVersion = 6.3;
					};
					BDC03BC71AE1714D003282D0 = {
						CreatedOnToolsVersion = 6.3;
						TestTargetID = BDC03BAE1AE1714D003282D0;
					};
				};
			};
			buildConfigurationList = BDC03BAA1AE1714C003282D0 /* Build configuration list for PBXProject "ColorModel" */;
			compatibilityVersion = "Xcode 3.2";
			developmentRegion = English;
			hasScannedForEncodings = 0;
			knownRegions = (
				en,
				Base,
			);
			mainGroup = BDC03BA61AE1714C003282D0;
			productRefGroup = BDC03BB01AE1714D003282D0 /* Products */;
			projectDirPath = "";
			projectRoot = "";
			targets = (
				BDC03BAE1AE1714D003282D0 /* ColorModel */,
				BDC03BC71AE1714D003282D0 /* ColorModelTests */,
			);
		};
/* End PBXProject section */

/* Begin PBXResourcesBuildPhase section */
		BDC03BAD1AE1714D003282D0 /* Resources */ = {
			isa = PBXResourcesBuildPhase;
			buildActionMask = 2147483647;
			files = (
				BDC03BBE1AE1714D003282D0 /* Main.storyboard in Resources */,
				BDC03BC31AE1714D003282D0 /* LaunchScreen.xib in Resources */,
				BDC03BC01AE1714D003282D0 /* Images.xcassets in Resources */,
			);
			runOnlyForDeploymentPostprocessing = 0;
		};
		BDC03BC61AE1714D003282D0 /* Resources */ = {
			isa = PBXResourcesBuildPhase;
			buildActionMask = 2147483647;
			files = (
			);
			runOnlyForDeploymentPostprocessing = 0;
		};
/* End PBXResourcesBuildPhase section */

/* Begin PBXSourcesBuildPhase section */
		BDC03BAB1AE1714D003282D0 /* Sources */ = {
			isa = PBXSourcesBuildPhase;
			buildActionMask = 2147483647;
			files = (
				BDC03BBB1AE1714D003282D0 /* ViewController.m in Sources */,
				BDC03BB81AE1714D003282D0 /* AppDelegate.m in Sources */,
				BDC03BB51AE1714D003282D0 /* main.m in Sources */,
			);
			runOnlyForDeploymentPostprocessing = 0;
		};
		BDC03BC41AE1714D003282D0 /* Sources */ = {
			isa = PBXSourcesBuildPhase;
			buildActionMask = 2147483647;
			files = (
				BDC03BCF1AE1714D003282D0 /* ColorModelTests.m in Sources */,
			);
			runOnlyForDeploymentPostprocessing = 0;
		};
/* End PBXSourcesBuildPhase section */

/* Begin PBXTargetDependency section */
		BDC03BCA1AE1714D003282D0 /* PBXTargetDependency */ = {
			isa = PBXTargetDependency;
			target = BDC03BAE1AE1714D003282D0 /* ColorModel */;
			targetProxy = BDC03BC91AE1714D003282D0 /* PBXContainerItemProxy */;
		};
/* End PBXTargetDependency section */

/* Begin PBXVariantGroup section */
		BDC03BBC1AE1714D003282D0 /* Main.storyboard */ = {
			isa = PBXVariantGroup;
			children = (
				BDC03BBD1AE1714D003282D0 /* Base */,
			);
			name = Main.storyboard;
			sourceTree = "<group>";
		};
		BDC03BC11AE1714D003282D0 /* LaunchScreen.xib */ = {
			isa = PBXVariantGroup;
			children = (
				BDC03BC21AE1714D003282D0 /* Base */,
			);
			name = LaunchScreen.xib;
			sourceTree = "<group>";
		};
/* End PBXVariantGroup section */

/* Begin XCBuildConfiguration section */
		BDC03BD01AE1714D003282D0 /* Debug */ = {
			isa = XCBuildConfiguration;
			buildSettings = {
				ALWAYS_SEARCH_USER_PATHS = NO;
				CLANG_CXX_LANGUAGE_STANDARD = "gnu++0x";
				CLANG_CXX_LIBRARY = "libc++";
				CLANG_ENABLE_MODULES = YES;
				CLANG_ENABLE_OBJC_ARC = YES;
				CLANG_WARN_BOOL_CONVERSION = YES;
				CLANG_WARN_CONSTANT_CONVERSION = YES;
				CLANG_WARN_DIRECT_OBJC_ISA_USAGE = YES_ERROR;
				CLANG_WARN_EMPTY_BODY = YES;
				CLANG_WARN_ENUM_CONVERSION = YES;
				CLANG_WARN_INT_CONVERSION = YES;
				CLANG_WARN_OBJC_ROOT_CLASS = YES_ERROR;
				CLANG_WARN_UNREACHABLE_CODE = YES;
				CLANG_WARN__DUPLICATE_METHOD_MATCH = YES;
				"CODE_SIGN_IDENTITY[sdk=iphoneos*]" = "iPhone Developer";
				COPY_PHASE_STRIP = NO;
				DEBUG_INFORMATION_FORMAT = "dwarf-with-dsym";
				ENABLE_STRICT_OBJC_MSGSEND = YES;
				GCC_C_LANGUAGE_STANDARD = gnu99;
				GCC_DYNAMIC_NO_PIC = NO;
				GCC_NO_COMMON_BLOCKS = YES;
				GCC_OPTIMIZATION_LEVEL = 0;
				GCC_PREPROCESSOR_DEFINITIONS = (
					"DEBUG=1",
					"$(inherited)",
				);
				GCC_SYMBOLS_PRIVATE_EXTERN = NO;
				GCC_WARN_64_TO_32_BIT_CONVERSION = YES;
				GCC_WARN_ABOUT_RETURN_TYPE = YES_ERROR;
				GCC_WARN_UNDECLARED_SELECTOR = YES;
				GCC_WARN_UNINITIALIZED_AUTOS = YES_AGGRESSIVE;
				GCC_WARN_UNUSED_FUNCTION = YES;
				GCC_WARN_UNUSED_VARIABLE = YES;
				IPHONEOS_DEPLOYMENT_TARGET = 8.3;
				MTL_ENABLE_DEBUG_INFO = YES;
				ONLY_ACTIVE_ARCH = YES;
				SDKROOT = iphoneos;
			};
			name = Debug;
		};
		BDC03BD11AE1714D003282D0 /* Release */ = {
			isa = XCBuildConfiguration;
			buildSettings = {
				ALWAYS_SEARCH_USER_PATHS = NO;
				CLANG_CXX_LANGUAGE_STANDARD = "gnu++0x";
				CLANG_CXX_LIBRARY = "libc++";
				CLANG_ENABLE_MODULES = YES;
				CLANG_ENABLE_OBJC_ARC = YES;
				CLANG_WARN_BOOL_CONVERSION = YES;
				CLANG_WARN_CONSTANT_CONVERSION = YES;
				CLANG_WARN_DIRECT_OBJC_ISA_USAGE = YES_ERROR;
				CLANG_WARN_EMPTY_BODY = YES;
				CLANG_WARN_ENUM_CONVERSION = YES;
				CLANG_WARN_INT_CONVERSION = YES;
				CLANG_WARN_OBJC_ROOT_CLASS = YES_ERROR;
				CLANG_WARN_UNREACHABLE_CODE = YES;
				CLANG_WARN__DUPLICATE_METHOD_MATCH = YES;
				"CODE_SIGN_IDENTITY[sdk=iphoneos*]" = "iPhone Developer";
				COPY_PHASE_STRIP = NO;
				DEBUG_INFORMATION_FORMAT = "dwarf-with-dsym";
				ENABLE_NS_ASSERTIONS = NO;
				ENABLE_STRICT_OBJC_MSGSEND = YES;
				GCC_C_LANGUAGE_STANDARD = gnu99;
				GCC_NO_COMMON_BLOCKS = YES;
				GCC_WARN_64_TO_32_BIT_CONVERSION = YES;
				GCC_WARN_ABOUT_RETURN_TYPE = YES_ERROR;
				GCC_WARN_UNDECLARED_SELECTOR = YES;
				GCC_WARN_UNINITIALIZED_AUTOS = YES_AGGRESSIVE;
				GCC_WARN_UNUSED_FUNCTION = YES;
				GCC_WARN_UNUSED_VARIABLE = YES;
				IPHONEOS_DEPLOYMENT_TARGET = 8.3;
				MTL_ENABLE_DEBUG_INFO = NO;
				SDKROOT = iphoneos;
				VALIDATE_PRODUCT = YES;
			};
			name = Release;
		};
		BDC03BD31AE1714D003282D0 /* Debug */ = {
			isa = XCBuildConfiguration;
			buildSettings = {
				ASSETCATALOG_COMPILER_APPICON_NAME = AppIcon;
				INFOPLIST_FILE = ColorModel/Info.plist;
				LD_RUNPATH_SEARCH_PATHS = "$(inherited) @executable_path/Frameworks";
				PRODUCT_NAME = "$(TARGET_NAME)";
			};
			name = Debug;
		};
		BDC03BD41AE1714D003282D0 /* Release */ = {
			isa = XCBuildConfiguration;
			buildSettings = {
				ASSETCATALOG_COMPILER_APPICON_NAME = AppIcon;
				INFOPLIST_FILE = ColorModel/Info.plist;
				LD_RUNPATH_SEARCH_PATHS = "$(inherited) @executable_path/Frameworks";
				PRODUCT_NAME = "$(TARGET_NAME)";
			};
			name = Release;
		};
		BDC03BD61AE1714D003282D0 /* Debug */ = {
			isa = XCBuildConfiguration;
			buildSettings = {
				BUNDLE_LOADER = "$(TEST_HOST)";
				FRAMEWORK_SEARCH_PATHS = (
					"$(SDKROOT)/Developer/Library/Frameworks",
					"$(inherited)",
				);
				GCC_PREPROCESSOR_DEFINITIONS = (
					"DEBUG=1",
					"$(inherited)",
				);
				INFOPLIST_FILE = ColorModelTests/Info.plist;
				LD_RUNPATH_SEARCH_PATHS = "$(inherited) @executable_path/Frameworks @loader_path/Frameworks";
				PRODUCT_NAME = "$(TARGET_NAME)";
				TEST_HOST = "$(BUILT_PRODUCTS_DIR)/ColorModel.app/ColorModel";
			};
			name = Debug;
		};
		BDC03BD71AE1714D003282D0 /* Release */ = {
			isa = XCBuildConfiguration;
			buildSettings = {
				BUNDLE_LOADER = "$(TEST_HOST)";
				FRAMEWORK_SEARCH_PATHS = (
					"$(SDKROOT)/Developer/Library/Frameworks",
					"$(inherited)",
				);
				INFOPLIST_FILE = ColorModelTests/Info.plist;
				LD_RUNPATH_SEARCH_PATHS = "$(inherited) @executable_path/Frameworks @loader_path/Frameworks";
				PRODUCT_NAME = "$(TARGET_NAME)";
				TEST_HOST = "$(BUILT_PRODUCTS_DIR)/ColorModel.app/ColorModel";
			};
			name = Release;
		};
/* End XCBuildConfiguration section */

/* Begin XCConfigurationList section */
		BDC03BAA1AE1714C003282D0 /* Build configuration list for PBXProject "ColorModel" */ = {
			isa = XCConfigurationList;
			buildConfigurations = (
				BDC03BD01AE1714D003282D0 /* Debug */,
				BDC03BD11AE1714D003282D0 /* Release */,
			);
			defaultConfigurationIsVisible = 0;
			defaultConfigurationName = Release;
		};
		BDC03BD21AE1714D003282D0 /* Build configuration list for PBXNativeTarget "ColorModel" */ = {
			isa = XCConfigurationList;
			buildConfigurations = (
				BDC03BD31AE1714D003282D0 /* Debug */,
				BDC03BD41AE1714D003282D0 /* Release */,
			);
			defaultConfigurationIsVisible = 0;
		};
		BDC03BD51AE1714D003282D0 /* Build configuration list for PBXNativeTarget "ColorModelTests" */ = {
			isa = XCConfigurationList;
			buildConfigurations = (
				BDC03BD61AE1714D003282D0 /* Debug */,
				BDC03BD71AE1714D003282D0 /* Release */,
			);
			defaultConfigurationIsVisible = 0;
		};
/* End XCConfigurationList section */
	};
	rootObject = BDC03BA71AE1714C003282D0 /* Project object */;
}
